
Microsoft Visual Studio Solution File, Format Version 12.00
# Visual Studio 15
VisualStudioVersion = 15.0.27004.2002
MinimumVisualStudioVersion = 10.0.40219.1
Project("{FAE04EC0-301F-11D3-BF4B-00C04F79EFBC}") = "Harj3a", "Harj3a\Harj3a.csproj", "{CBC1E141-62F6-41AB-8E70-1938257E87F8}"
EndProject
Project("{FAE04EC0-301F-11D3-BF4B-00C04F79EFBC}") = "Harj3b", "Harj3b\Harj3b.csproj", "{63670ABA-9AB3-457C-B8DB-CC64E34FC8CF}"
EndProject
Project("{FAE04EC0-301F-11D3-BF4B-00C04F79EFBC}") = "Harj5", "Harj5\Harj5.csproj", "{B2C87548-2DFB-4D67-8685-334BA742CCF7}"
EndProject
Project("{FAE04EC0-301F-11D3-BF4B-00C04F79EFBC}") = "Harj6", "Harj6\Harj6.csproj", "{56F36112-B5AA-4A9D-9EAA-B116D9BB3DB8}"
EndProject
Project("{FAE04EC0-301F-11D3-BF4B-00C04F79EFBC}") = "Harj7", "Harj7\Harj7.csproj", "{FB0DF18C-313E-4D56-AC02-DBDA03CCD077}"
EndProject
Project("{FAE04EC0-301F-11D3-BF4B-00C04F79EFBC}") = "Harj8", "Harj8\Harj8.csproj", "{CC0D2DEB-73B5-45E1-B932-D9CF6F14748F}"
EndProject
Project("{FAE04EC0-301F-11D3-BF4B-00C04F79EFBC}") = "Harj9", "Harj9\Harj9.csproj", "{F74664B7-900E-4C04-9904-6FAAE523A0F3}"
EndProject
Project("{FAE04EC0-301F-11D3-BF4B-00C04F79EFBC}") = "Harj10", "Harj10\Harj10.csproj", "{B57712BF-1B43-43C9-8E85-802941A83BD6}"
EndProject
Project("{FAE04EC0-301F-11D3-BF4B-00C04F79EFBC}") = "Harj11", "Harj11\Harj11.csproj", "{D4D99679-6B21-4416-81FC-D8AB4C45980C}"
EndProject
Project("{FAE04EC0-301F-11D3-BF4B-00C04F79EFBC}") = "Harj12", "Harj12\Harj12.csproj", "{B99875AC-E516-4A1E-99FB-6B79E68B7657}"
EndProject
Project("{FAE04EC0-301F-11D3-BF4B-00C04F79EFBC}") = "Harj13", "Harj13\Harj13.csproj", "{2F7D1337-4A3D-498B-875C-29F11BEE6333}"
EndProject
Project("{FAE04EC0-301F-11D3-BF4B-00C04F79EFBC}") = "Harj14", "Harj14\Harj14.csproj", "{E62E9028-7559-4ADA-8FE2-E1D4F5A8A43F}"
EndProject
Project("{FAE04EC0-301F-11D3-BF4B-00C04F79EFBC}") = "Harj15", "Harj15\Harj15.csproj", "{737BA9B7-468C-49A7-8071-0476D3297723}"
EndProject
Project("{FAE04EC0-301F-11D3-BF4B-00C04F79EFBC}") = "Harj16", "Harj16\Harj16.csproj", "{14B3505F-472A-4F46-98CA-E7A6FBEA0CAB}"
EndProject
Project("{FAE04EC0-301F-11D3-BF4B-00C04F79EFBC}") = "Harj17", "Harj17\Harj17.csproj", "{8C921ABC-FC6F-4C0C-B771-5399698383C7}"
EndProject
Project("{FAE04EC0-301F-11D3-BF4B-00C04F79EFBC}") = "Harj18", "Harj18\Harj18.csproj", "{E8330D19-DB1C-493F-A5C1-9138DC3BD65D}"
EndProject
Project("{FAE04EC0-301F-11D3-BF4B-00C04F79EFBC}") = "Harj19", "Harj19\Harj19.csproj", "{E9743C55-C080-433C-87C4-02F7735D2D53}"
EndProject
Project("{FAE04EC0-301F-11D3-BF4B-00C04F79EFBC}") = "Harj20", "Harj20\Harj20.csproj", "{EFB0CB9B-FB1C-4927-8010-FA081820E1B9}"
EndProject
Project("{FAE04EC0-301F-11D3-BF4B-00C04F79EFBC}") = "Harj21", "Harj21\Harj21.csproj", "{EF598BE1-96AE-4697-AEE9-E4A7727D2564}"
EndProject
Project("{FAE04EC0-301F-11D3-BF4B-00C04F79EFBC}") = "Harj22", "Harj22\Harj22.csproj", "{B3F96E4C-870C-430A-AD44-0DBB422CDE2C}"
EndProject
Project("{FAE04EC0-301F-11D3-BF4B-00C04F79EFBC}") = "Harj23", "Harj23\Harj23.csproj", "{F19AC622-9D1B-47C5-887D-95C5B5D3C988}"
EndProject
Project("{FAE04EC0-301F-11D3-BF4B-00C04F79EFBC}") = "Harj25", "Harj25\Harj25.csproj", "{EEDA0DFA-4AF6-451A-ABD6-D5987A9AA40F}"
EndProject
Global
	GlobalSection(SolutionConfigurationPlatforms) = preSolution
		Debug|Any CPU = Debug|Any CPU
		Release|Any CPU = Release|Any CPU
	EndGlobalSection
	GlobalSection(ProjectConfigurationPlatforms) = postSolution
		{CBC1E141-62F6-41AB-8E70-1938257E87F8}.Debug|Any CPU.ActiveCfg = Debug|Any CPU
		{CBC1E141-62F6-41AB-8E70-1938257E87F8}.Debug|Any CPU.Build.0 = Debug|Any CPU
		{CBC1E141-62F6-41AB-8E70-1938257E87F8}.Release|Any CPU.ActiveCfg = Release|Any CPU
		{CBC1E141-62F6-41AB-8E70-1938257E87F8}.Release|Any CPU.Build.0 = Release|Any CPU
		{63670ABA-9AB3-457C-B8DB-CC64E34FC8CF}.Debug|Any CPU.ActiveCfg = Debug|Any CPU
		{63670ABA-9AB3-457C-B8DB-CC64E34FC8CF}.Debug|Any CPU.Build.0 = Debug|Any CPU
		{63670ABA-9AB3-457C-B8DB-CC64E34FC8CF}.Release|Any CPU.ActiveCfg = Release|Any CPU
		{63670ABA-9AB3-457C-B8DB-CC64E34FC8CF}.Release|Any CPU.Build.0 = Release|Any CPU
		{B2C87548-2DFB-4D67-8685-334BA742CCF7}.Debug|Any CPU.ActiveCfg = Debug|Any CPU
		{B2C87548-2DFB-4D67-8685-334BA742CCF7}.Debug|Any CPU.Build.0 = Debug|Any CPU
		{B2C87548-2DFB-4D67-8685-334BA742CCF7}.Release|Any CPU.ActiveCfg = Release|Any CPU
		{B2C87548-2DFB-4D67-8685-334BA742CCF7}.Release|Any CPU.Build.0 = Release|Any CPU
		{56F36112-B5AA-4A9D-9EAA-B116D9BB3DB8}.Debug|Any CPU.ActiveCfg = Debug|Any CPU
		{56F36112-B5AA-4A9D-9EAA-B116D9BB3DB8}.Debug|Any CPU.Build.0 = Debug|Any CPU
		{56F36112-B5AA-4A9D-9EAA-B116D9BB3DB8}.Release|Any CPU.ActiveCfg = Release|Any CPU
		{56F36112-B5AA-4A9D-9EAA-B116D9BB3DB8}.Release|Any CPU.Build.0 = Release|Any CPU
		{FB0DF18C-313E-4D56-AC02-DBDA03CCD077}.Debug|Any CPU.ActiveCfg = Debug|Any CPU
		{FB0DF18C-313E-4D56-AC02-DBDA03CCD077}.Debug|Any CPU.Build.0 = Debug|Any CPU
		{FB0DF18C-313E-4D56-AC02-DBDA03CCD077}.Release|Any CPU.ActiveCfg = Release|Any CPU
		{FB0DF18C-313E-4D56-AC02-DBDA03CCD077}.Release|Any CPU.Build.0 = Release|Any CPU
		{CC0D2DEB-73B5-45E1-B932-D9CF6F14748F}.Debug|Any CPU.ActiveCfg = Debug|Any CPU
		{CC0D2DEB-73B5-45E1-B932-D9CF6F14748F}.Debug|Any CPU.Build.0 = Debug|Any CPU
		{CC0D2DEB-73B5-45E1-B932-D9CF6F14748F}.Release|Any CPU.ActiveCfg = Release|Any CPU
		{CC0D2DEB-73B5-45E1-B932-D9CF6F14748F}.Release|Any CPU.Build.0 = Release|Any CPU
		{F74664B7-900E-4C04-9904-6FAAE523A0F3}.Debug|Any CPU.ActiveCfg = Debug|Any CPU
		{F74664B7-900E-4C04-9904-6FAAE523A0F3}.Debug|Any CPU.Build.0 = Debug|Any CPU
		{F74664B7-900E-4C04-9904-6FAAE523A0F3}.Release|Any CPU.ActiveCfg = Release|Any CPU
		{F74664B7-900E-4C04-9904-6FAAE523A0F3}.Release|Any CPU.Build.0 = Release|Any CPU
		{B57712BF-1B43-43C9-8E85-802941A83BD6}.Debug|Any CPU.ActiveCfg = Debug|Any CPU
		{B57712BF-1B43-43C9-8E85-802941A83BD6}.Debug|Any CPU.Build.0 = Debug|Any CPU
		{B57712BF-1B43-43C9-8E85-802941A83BD6}.Release|Any CPU.ActiveCfg = Release|Any CPU
		{B57712BF-1B43-43C9-8E85-802941A83BD6}.Release|Any CPU.Build.0 = Release|Any CPU
		{D4D99679-6B21-4416-81FC-D8AB4C45980C}.Debug|Any CPU.ActiveCfg = Debug|Any CPU
		{D4D99679-6B21-4416-81FC-D8AB4C45980C}.Debug|Any CPU.Build.0 = Debug|Any CPU
		{D4D99679-6B21-4416-81FC-D8AB4C45980C}.Release|Any CPU.ActiveCfg = Release|Any CPU
		{D4D99679-6B21-4416-81FC-D8AB4C45980C}.Release|Any CPU.Build.0 = Release|Any CPU
		{B99875AC-E516-4A1E-99FB-6B79E68B7657}.Debug|Any CPU.ActiveCfg = Debug|Any CPU
		{B99875AC-E516-4A1E-99FB-6B79E68B7657}.Debug|Any CPU.Build.0 = Debug|Any CPU
		{B99875AC-E516-4A1E-99FB-6B79E68B7657}.Release|Any CPU.ActiveCfg = Release|Any CPU
		{B99875AC-E516-4A1E-99FB-6B79E68B7657}.Release|Any CPU.Build.0 = Release|Any CPU
		{2F7D1337-4A3D-498B-875C-29F11BEE6333}.Debug|Any CPU.ActiveCfg = Debug|Any CPU
		{2F7D1337-4A3D-498B-875C-29F11BEE6333}.Debug|Any CPU.Build.0 = Debug|Any CPU
		{2F7D1337-4A3D-498B-875C-29F11BEE6333}.Release|Any CPU.ActiveCfg = Release|Any CPU
		{2F7D1337-4A3D-498B-875C-29F11BEE6333}.Release|Any CPU.Build.0 = Release|Any CPU
		{E62E9028-7559-4ADA-8FE2-E1D4F5A8A43F}.Debug|Any CPU.ActiveCfg = Debug|Any CPU
		{E62E9028-7559-4ADA-8FE2-E1D4F5A8A43F}.Debug|Any CPU.Build.0 = Debug|Any CPU
		{E62E9028-7559-4ADA-8FE2-E1D4F5A8A43F}.Release|Any CPU.ActiveCfg = Release|Any CPU
		{E62E9028-7559-4ADA-8FE2-E1D4F5A8A43F}.Release|Any CPU.Build.0 = Release|Any CPU
		{737BA9B7-468C-49A7-8071-0476D3297723}.Debug|Any CPU.ActiveCfg = Debug|Any CPU
		{737BA9B7-468C-49A7-8071-0476D3297723}.Debug|Any CPU.Build.0 = Debug|Any CPU
		{737BA9B7-468C-49A7-8071-0476D3297723}.Release|Any CPU.ActiveCfg = Release|Any CPU
		{737BA9B7-468C-49A7-8071-0476D3297723}.Release|Any CPU.Build.0 = Release|Any CPU
		{14B3505F-472A-4F46-98CA-E7A6FBEA0CAB}.Debug|Any CPU.ActiveCfg = Debug|Any CPU
		{14B3505F-472A-4F46-98CA-E7A6FBEA0CAB}.Debug|Any CPU.Build.0 = Debug|Any CPU
		{14B3505F-472A-4F46-98CA-E7A6FBEA0CAB}.Release|Any CPU.ActiveCfg = Release|Any CPU
		{14B3505F-472A-4F46-98CA-E7A6FBEA0CAB}.Release|Any CPU.Build.0 = Release|Any CPU
		{8C921ABC-FC6F-4C0C-B771-5399698383C7}.Debug|Any CPU.ActiveCfg = Debug|Any CPU
		{8C921ABC-FC6F-4C0C-B771-5399698383C7}.Debug|Any CPU.Build.0 = Debug|Any CPU
		{8C921ABC-FC6F-4C0C-B771-5399698383C7}.Release|Any CPU.ActiveCfg = Release|Any CPU
		{8C921ABC-FC6F-4C0C-B771-5399698383C7}.Release|Any CPU.Build.0 = Release|Any CPU
		{E8330D19-DB1C-493F-A5C1-9138DC3BD65D}.Debug|Any CPU.ActiveCfg = Debug|Any CPU
		{E8330D19-DB1C-493F-A5C1-9138DC3BD65D}.Debug|Any CPU.Build.0 = Debug|Any CPU
		{E8330D19-DB1C-493F-A5C1-9138DC3BD65D}.Release|Any CPU.ActiveCfg = Release|Any CPU
		{E8330D19-DB1C-493F-A5C1-9138DC3BD65D}.Release|Any CPU.Build.0 = Release|Any CPU
		{E9743C55-C080-433C-87C4-02F7735D2D53}.Debug|Any CPU.ActiveCfg = Debug|Any CPU
		{E9743C55-C080-433C-87C4-02F7735D2D53}.Debug|Any CPU.Build.0 = Debug|Any CPU
		{E9743C55-C080-433C-87C4-02F7735D2D53}.Release|Any CPU.ActiveCfg = Release|Any CPU
		{E9743C55-C080-433C-87C4-02F7735D2D53}.Release|Any CPU.Build.0 = Release|Any CPU
		{EFB0CB9B-FB1C-4927-8010-FA081820E1B9}.Debug|Any CPU.ActiveCfg = Debug|Any CPU
		{EFB0CB9B-FB1C-4927-8010-FA081820E1B9}.Debug|Any CPU.Build.0 = Debug|Any CPU
		{EFB0CB9B-FB1C-4927-8010-FA081820E1B9}.Release|Any CPU.ActiveCfg = Release|Any CPU
		{EFB0CB9B-FB1C-4927-8010-FA081820E1B9}.Release|Any CPU.Build.0 = Release|Any CPU
		{EF598BE1-96AE-4697-AEE9-E4A7727D2564}.Debug|Any CPU.ActiveCfg = Debug|Any CPU
		{EF598BE1-96AE-4697-AEE9-E4A7727D2564}.Debug|Any CPU.Build.0 = Debug|Any CPU
		{EF598BE1-96AE-4697-AEE9-E4A7727D2564}.Release|Any CPU.ActiveCfg = Release|Any CPU
		{EF598BE1-96AE-4697-AEE9-E4A7727D2564}.Release|Any CPU.Build.0 = Release|Any CPU
		{B3F96E4C-870C-430A-AD44-0DBB422CDE2C}.Debug|Any CPU.ActiveCfg = Debug|Any CPU
		{B3F96E4C-870C-430A-AD44-0DBB422CDE2C}.Debug|Any CPU.Build.0 = Debug|Any CPU
		{B3F96E4C-870C-430A-AD44-0DBB422CDE2C}.Release|Any CPU.ActiveCfg = Release|Any CPU
		{B3F96E4C-870C-430A-AD44-0DBB422CDE2C}.Release|Any CPU.Build.0 = Release|Any CPU
		{F19AC622-9D1B-47C5-887D-95C5B5D3C988}.Debug|Any CPU.ActiveCfg = Debug|Any CPU
		{F19AC622-9D1B-47C5-887D-95C5B5D3C988}.Debug|Any CPU.Build.0 = Debug|Any CPU
		{F19AC622-9D1B-47C5-887D-95C5B5D3C988}.Release|Any CPU.ActiveCfg = Release|Any CPU
		{F19AC622-9D1B-47C5-887D-95C5B5D3C988}.Release|Any CPU.Build.0 = Release|Any CPU
		{EEDA0DFA-4AF6-451A-ABD6-D5987A9AA40F}.Debug|Any CPU.ActiveCfg = Debug|Any CPU
		{EEDA0DFA-4AF6-451A-ABD6-D5987A9AA40F}.Debug|Any CPU.Build.0 = Debug|Any CPU
		{EEDA0DFA-4AF6-451A-ABD6-D5987A9AA40F}.Release|Any CPU.ActiveCfg = Release|Any CPU
		{EEDA0DFA-4AF6-451A-ABD6-D5987A9AA40F}.Release|Any CPU.Build.0 = Release|Any CPU
	EndGlobalSection
	GlobalSection(SolutionProperties) = preSolution
		HideSolutionNode = FALSE
	EndGlobalSection
	GlobalSection(ExtensibilityGlobals) = postSolution
		SolutionGuid = {95C01075-A291-444A-9302-45661362A2C7}
	EndGlobalSection
EndGlobal
